
Microsoft Visual Studio Solution File, Format Version 12.00
# Visual Studio Version 16
VisualStudioVersion = 16.0.30104.148
MinimumVisualStudioVersion = 10.0.40219.1
Project("{9A19103F-16F7-4668-BE54-9A1E7A4F7556}") = "ResourceManagementGameCore", "ResourceManagementGameCore\ResourceManagementGameCore.csproj", "{C7B8D2AD-12EE-4388-9313-A7FC4D8A5907}"
EndProject
Project("{FAE04EC0-301F-11D3-BF4B-00C04F79EFBC}") = "ResourceManagementGameTests", "ResourceManagementGameTests\ResourceManagementGameTests.csproj", "{711CDA73-7023-48BB-945A-5E42DDE7CB26}"
EndProject
Global
	GlobalSection(SolutionConfigurationPlatforms) = preSolution
		Debug|Any CPU = Debug|Any CPU
		Release|Any CPU = Release|Any CPU
	EndGlobalSection
	GlobalSection(ProjectConfigurationPlatforms) = postSolution
		{C7B8D2AD-12EE-4388-9313-A7FC4D8A5907}.Debug|Any CPU.ActiveCfg = Debug|Any CPU
		{C7B8D2AD-12EE-4388-9313-A7FC4D8A5907}.Debug|Any CPU.Build.0 = Debug|Any CPU
		{C7B8D2AD-12EE-4388-9313-A7FC4D8A5907}.Release|Any CPU.ActiveCfg = Release|Any CPU
		{C7B8D2AD-12EE-4388-9313-A7FC4D8A5907}.Release|Any CPU.Build.0 = Release|Any CPU
		{711CDA73-7023-48BB-945A-5E42DDE7CB26}.Debug|Any CPU.ActiveCfg = Debug|Any CPU
		{711CDA73-7023-48BB-945A-5E42DDE7CB26}.Debug|Any CPU.Build.0 = Debug|Any CPU
		{711CDA73-7023-48BB-945A-5E42DDE7CB26}.Release|Any CPU.ActiveCfg = Release|Any CPU
		{711CDA73-7023-48BB-945A-5E42DDE7CB26}.Release|Any CPU.Build.0 = Release|Any CPU
	EndGlobalSection
	GlobalSection(SolutionProperties) = preSolution
		HideSolutionNode = FALSE
	EndGlobalSection
	GlobalSection(ExtensibilityGlobals) = postSolution
		SolutionGuid = {152653A6-66CA-4C29-90CE-1F3280C128FB}
	EndGlobalSection
EndGlobal
