
Microsoft Visual Studio Solution File, Format Version 12.00
# Visual Studio Version 16
VisualStudioVersion = 16.0.29509.3
MinimumVisualStudioVersion = 10.0.40219.1
Project("{FAE04EC0-301F-11D3-BF4B-00C04F79EFBC}") = "EnvironmentSimulator", "EnvironmentSimulator\EnvironmentSimulator.csproj", "{6959E5FD-2A7B-4993-BA2A-7B78A4290838}"
EndProject
Project("{2150E333-8FDC-42A3-9474-1A3956D46DE8}") = "Tests", "Tests", "{1920A119-A969-4471-BC3A-083FE396346D}"
EndProject
Project("{FAE04EC0-301F-11D3-BF4B-00C04F79EFBC}") = "EnvironmentSimulatorTests", "EnvironmentSimulatorTests\EnvironmentSimulatorTests.csproj", "{5298A513-0EA4-41AE-AC9E-A21F54CFDEE9}"
EndProject
Project("{FAE04EC0-301F-11D3-BF4B-00C04F79EFBC}") = "RobotBrain", "RobotBrain\RobotBrain.csproj", "{D81C4213-8137-425C-9F14-74B6E0A36840}"
EndProject
Project("{FAE04EC0-301F-11D3-BF4B-00C04F79EFBC}") = "RobotBrainTests", "RobotBrainTests\RobotBrainTests.csproj", "{32AA93FB-7B19-48BE-996F-ECFDB6213B4C}"
EndProject
Global
	GlobalSection(SolutionConfigurationPlatforms) = preSolution
		Debug|Any CPU = Debug|Any CPU
		Release|Any CPU = Release|Any CPU
	EndGlobalSection
	GlobalSection(ProjectConfigurationPlatforms) = postSolution
		{6959E5FD-2A7B-4993-BA2A-7B78A4290838}.Debug|Any CPU.ActiveCfg = Debug|Any CPU
		{6959E5FD-2A7B-4993-BA2A-7B78A4290838}.Debug|Any CPU.Build.0 = Debug|Any CPU
		{6959E5FD-2A7B-4993-BA2A-7B78A4290838}.Release|Any CPU.ActiveCfg = Release|Any CPU
		{6959E5FD-2A7B-4993-BA2A-7B78A4290838}.Release|Any CPU.Build.0 = Release|Any CPU
		{5298A513-0EA4-41AE-AC9E-A21F54CFDEE9}.Debug|Any CPU.ActiveCfg = Debug|Any CPU
		{5298A513-0EA4-41AE-AC9E-A21F54CFDEE9}.Debug|Any CPU.Build.0 = Debug|Any CPU
		{5298A513-0EA4-41AE-AC9E-A21F54CFDEE9}.Release|Any CPU.ActiveCfg = Release|Any CPU
		{5298A513-0EA4-41AE-AC9E-A21F54CFDEE9}.Release|Any CPU.Build.0 = Release|Any CPU
		{D81C4213-8137-425C-9F14-74B6E0A36840}.Debug|Any CPU.ActiveCfg = Debug|Any CPU
		{D81C4213-8137-425C-9F14-74B6E0A36840}.Debug|Any CPU.Build.0 = Debug|Any CPU
		{D81C4213-8137-425C-9F14-74B6E0A36840}.Release|Any CPU.ActiveCfg = Release|Any CPU
		{D81C4213-8137-425C-9F14-74B6E0A36840}.Release|Any CPU.Build.0 = Release|Any CPU
		{32AA93FB-7B19-48BE-996F-ECFDB6213B4C}.Debug|Any CPU.ActiveCfg = Debug|Any CPU
		{32AA93FB-7B19-48BE-996F-ECFDB6213B4C}.Debug|Any CPU.Build.0 = Debug|Any CPU
		{32AA93FB-7B19-48BE-996F-ECFDB6213B4C}.Release|Any CPU.ActiveCfg = Release|Any CPU
		{32AA93FB-7B19-48BE-996F-ECFDB6213B4C}.Release|Any CPU.Build.0 = Release|Any CPU
	EndGlobalSection
	GlobalSection(SolutionProperties) = preSolution
		HideSolutionNode = FALSE
	EndGlobalSection
	GlobalSection(NestedProjects) = preSolution
		{5298A513-0EA4-41AE-AC9E-A21F54CFDEE9} = {1920A119-A969-4471-BC3A-083FE396346D}
		{32AA93FB-7B19-48BE-996F-ECFDB6213B4C} = {1920A119-A969-4471-BC3A-083FE396346D}
	EndGlobalSection
	GlobalSection(ExtensibilityGlobals) = postSolution
		SolutionGuid = {B68B2B7B-7A3E-4ECB-B305-70FC93923F58}
	EndGlobalSection
EndGlobal
