
Microsoft Visual Studio Solution File, Format Version 12.00
# Visual Studio Version 16
VisualStudioVersion = 16.0.29509.3
MinimumVisualStudioVersion = 10.0.40219.1
Project("{9A19103F-16F7-4668-BE54-9A1E7A4F7556}") = "Environment", "EnvironmentSimulator\Environment.csproj", "{6959E5FD-2A7B-4993-BA2A-7B78A4290838}"
EndProject
Project("{2150E333-8FDC-42A3-9474-1A3956D46DE8}") = "Tests", "Tests", "{1920A119-A969-4471-BC3A-083FE396346D}"
EndProject
Project("{9A19103F-16F7-4668-BE54-9A1E7A4F7556}") = "EnvironmentTests", "EnvironmentSimulatorTests\EnvironmentTests.csproj", "{5298A513-0EA4-41AE-AC9E-A21F54CFDEE9}"
EndProject
Project("{9A19103F-16F7-4668-BE54-9A1E7A4F7556}") = "RobotBrain", "RobotBrain\RobotBrain.csproj", "{D81C4213-8137-425C-9F14-74B6E0A36840}"
EndProject
Project("{9A19103F-16F7-4668-BE54-9A1E7A4F7556}") = "RobotBrainTests", "RobotBrainTests\RobotBrainTests.csproj", "{32AA93FB-7B19-48BE-996F-ECFDB6213B4C}"
EndProject
Project("{9A19103F-16F7-4668-BE54-9A1E7A4F7556}") = "LogAnalysis", "LogAnalysis\LogAnalysis.csproj", "{63A53CD1-8F2E-446F-8D72-5B887E39B3A8}"
EndProject
Project("{9A19103F-16F7-4668-BE54-9A1E7A4F7556}") = "LogAnalysisTests", "LogAnalysisTests\LogAnalysisTests.csproj", "{83C7A94F-E058-40A8-9485-CD15487F9BD4}"
EndProject
Project("{9A19103F-16F7-4668-BE54-9A1E7A4F7556}") = "Robot", "Robot\Robot.csproj", "{23FDD602-DC01-44FD-B606-73F9DA1FBA67}"
EndProject
Project("{9A19103F-16F7-4668-BE54-9A1E7A4F7556}") = "RobotTests", "RobotTests\RobotTests.csproj", "{56DDD463-EC5C-4EF0-8B1F-9B883703224E}"
EndProject
Global
	GlobalSection(SolutionConfigurationPlatforms) = preSolution
		Debug|Any CPU = Debug|Any CPU
		Release|Any CPU = Release|Any CPU
	EndGlobalSection
	GlobalSection(ProjectConfigurationPlatforms) = postSolution
		{6959E5FD-2A7B-4993-BA2A-7B78A4290838}.Debug|Any CPU.ActiveCfg = Debug|Any CPU
		{6959E5FD-2A7B-4993-BA2A-7B78A4290838}.Debug|Any CPU.Build.0 = Debug|Any CPU
		{6959E5FD-2A7B-4993-BA2A-7B78A4290838}.Release|Any CPU.ActiveCfg = Release|Any CPU
		{6959E5FD-2A7B-4993-BA2A-7B78A4290838}.Release|Any CPU.Build.0 = Release|Any CPU
		{5298A513-0EA4-41AE-AC9E-A21F54CFDEE9}.Debug|Any CPU.ActiveCfg = Debug|Any CPU
		{5298A513-0EA4-41AE-AC9E-A21F54CFDEE9}.Debug|Any CPU.Build.0 = Debug|Any CPU
		{5298A513-0EA4-41AE-AC9E-A21F54CFDEE9}.Release|Any CPU.ActiveCfg = Release|Any CPU
		{5298A513-0EA4-41AE-AC9E-A21F54CFDEE9}.Release|Any CPU.Build.0 = Release|Any CPU
		{D81C4213-8137-425C-9F14-74B6E0A36840}.Debug|Any CPU.ActiveCfg = Debug|Any CPU
		{D81C4213-8137-425C-9F14-74B6E0A36840}.Debug|Any CPU.Build.0 = Debug|Any CPU
		{D81C4213-8137-425C-9F14-74B6E0A36840}.Release|Any CPU.ActiveCfg = Release|Any CPU
		{D81C4213-8137-425C-9F14-74B6E0A36840}.Release|Any CPU.Build.0 = Release|Any CPU
		{32AA93FB-7B19-48BE-996F-ECFDB6213B4C}.Debug|Any CPU.ActiveCfg = Debug|Any CPU
		{32AA93FB-7B19-48BE-996F-ECFDB6213B4C}.Debug|Any CPU.Build.0 = Debug|Any CPU
		{32AA93FB-7B19-48BE-996F-ECFDB6213B4C}.Release|Any CPU.ActiveCfg = Release|Any CPU
		{32AA93FB-7B19-48BE-996F-ECFDB6213B4C}.Release|Any CPU.Build.0 = Release|Any CPU
		{63A53CD1-8F2E-446F-8D72-5B887E39B3A8}.Debug|Any CPU.ActiveCfg = Debug|Any CPU
		{63A53CD1-8F2E-446F-8D72-5B887E39B3A8}.Debug|Any CPU.Build.0 = Debug|Any CPU
		{63A53CD1-8F2E-446F-8D72-5B887E39B3A8}.Release|Any CPU.ActiveCfg = Release|Any CPU
		{63A53CD1-8F2E-446F-8D72-5B887E39B3A8}.Release|Any CPU.Build.0 = Release|Any CPU
		{83C7A94F-E058-40A8-9485-CD15487F9BD4}.Debug|Any CPU.ActiveCfg = Debug|Any CPU
		{83C7A94F-E058-40A8-9485-CD15487F9BD4}.Debug|Any CPU.Build.0 = Debug|Any CPU
		{83C7A94F-E058-40A8-9485-CD15487F9BD4}.Release|Any CPU.ActiveCfg = Release|Any CPU
		{83C7A94F-E058-40A8-9485-CD15487F9BD4}.Release|Any CPU.Build.0 = Release|Any CPU
		{23FDD602-DC01-44FD-B606-73F9DA1FBA67}.Debug|Any CPU.ActiveCfg = Debug|Any CPU
		{23FDD602-DC01-44FD-B606-73F9DA1FBA67}.Debug|Any CPU.Build.0 = Debug|Any CPU
		{23FDD602-DC01-44FD-B606-73F9DA1FBA67}.Release|Any CPU.ActiveCfg = Release|Any CPU
		{23FDD602-DC01-44FD-B606-73F9DA1FBA67}.Release|Any CPU.Build.0 = Release|Any CPU
		{56DDD463-EC5C-4EF0-8B1F-9B883703224E}.Debug|Any CPU.ActiveCfg = Debug|Any CPU
		{56DDD463-EC5C-4EF0-8B1F-9B883703224E}.Debug|Any CPU.Build.0 = Debug|Any CPU
		{56DDD463-EC5C-4EF0-8B1F-9B883703224E}.Release|Any CPU.ActiveCfg = Release|Any CPU
		{56DDD463-EC5C-4EF0-8B1F-9B883703224E}.Release|Any CPU.Build.0 = Release|Any CPU
	EndGlobalSection
	GlobalSection(SolutionProperties) = preSolution
		HideSolutionNode = FALSE
	EndGlobalSection
	GlobalSection(NestedProjects) = preSolution
		{5298A513-0EA4-41AE-AC9E-A21F54CFDEE9} = {1920A119-A969-4471-BC3A-083FE396346D}
		{32AA93FB-7B19-48BE-996F-ECFDB6213B4C} = {1920A119-A969-4471-BC3A-083FE396346D}
		{83C7A94F-E058-40A8-9485-CD15487F9BD4} = {1920A119-A969-4471-BC3A-083FE396346D}
		{56DDD463-EC5C-4EF0-8B1F-9B883703224E} = {1920A119-A969-4471-BC3A-083FE396346D}
	EndGlobalSection
	GlobalSection(ExtensibilityGlobals) = postSolution
		SolutionGuid = {B68B2B7B-7A3E-4ECB-B305-70FC93923F58}
	EndGlobalSection
EndGlobal
