
Microsoft Visual Studio Solution File, Format Version 12.00
# Visual Studio Version 16
VisualStudioVersion = 16.0.30204.135
MinimumVisualStudioVersion = 10.0.40219.1
Project("{FAE04EC0-301F-11D3-BF4B-00C04F79EFBC}") = "ReturnValueVsException", "ReturnValueVsException.csproj", "{39580C1A-0FC3-4FCC-925D-76DCE40E61D0}"
EndProject
Global
	GlobalSection(SolutionConfigurationPlatforms) = preSolution
		Debug|Any CPU = Debug|Any CPU
		Release|Any CPU = Release|Any CPU
	EndGlobalSection
	GlobalSection(ProjectConfigurationPlatforms) = postSolution
		{39580C1A-0FC3-4FCC-925D-76DCE40E61D0}.Debug|Any CPU.ActiveCfg = Debug|Any CPU
		{39580C1A-0FC3-4FCC-925D-76DCE40E61D0}.Debug|Any CPU.Build.0 = Debug|Any CPU
		{39580C1A-0FC3-4FCC-925D-76DCE40E61D0}.Release|Any CPU.ActiveCfg = Release|Any CPU
		{39580C1A-0FC3-4FCC-925D-76DCE40E61D0}.Release|Any CPU.Build.0 = Release|Any CPU
	EndGlobalSection
	GlobalSection(SolutionProperties) = preSolution
		HideSolutionNode = FALSE
	EndGlobalSection
	GlobalSection(ExtensibilityGlobals) = postSolution
		SolutionGuid = {75B70679-F943-4113-BE9F-79130DEDDFB1}
	EndGlobalSection
EndGlobal
